
Microsoft Visual Studio Solution File, Format Version 12.00
# Visual Studio Version 16
VisualStudioVersion = 16.0.31019.35
MinimumVisualStudioVersion = 10.0.40219.1
Project("{9A19103F-16F7-4668-BE54-9A1E7A4F7556}") = "FileUploader", "FileUploader.csproj", "{496C60A0-CD4C-4D73-A8A4-9F5E8C7AE68B}"
EndProject
Global
	GlobalSection(SolutionConfigurationPlatforms) = preSolution
		Debug|Any CPU = Debug|Any CPU
		Release|Any CPU = Release|Any CPU
	EndGlobalSection
	GlobalSection(ProjectConfigurationPlatforms) = postSolution
		{496C60A0-CD4C-4D73-A8A4-9F5E8C7AE68B}.Debug|Any CPU.ActiveCfg = Debug|Any CPU
		{496C60A0-CD4C-4D73-A8A4-9F5E8C7AE68B}.Debug|Any CPU.Build.0 = Debug|Any CPU
		{496C60A0-CD4C-4D73-A8A4-9F5E8C7AE68B}.Release|Any CPU.ActiveCfg = Release|Any CPU
		{496C60A0-CD4C-4D73-A8A4-9F5E8C7AE68B}.Release|Any CPU.Build.0 = Release|Any CPU
	EndGlobalSection
	GlobalSection(SolutionProperties) = preSolution
		HideSolutionNode = FALSE
	EndGlobalSection
	GlobalSection(ExtensibilityGlobals) = postSolution
		SolutionGuid = {1DC165BD-EC70-478B-A724-F157EA6BC0C4}
	EndGlobalSection
EndGlobal
